
Microsoft Visual Studio Solution File, Format Version 12.00
# Visual Studio Version 17
VisualStudioVersion = 17.10.34928.147
MinimumVisualStudioVersion = 10.0.40219.1
Project("{FAE04EC0-301F-11D3-BF4B-00C04F79EFBC}") = "GDI_Color_Point_ Rectangle_Region_Chap6", "GDI_Color_Point_ Rectangle_Region_Chap6.csproj", "{1A98D786-3A79-4B0D-B43C-A0DEDC248520}"
EndProject
Global
	GlobalSection(SolutionConfigurationPlatforms) = preSolution
		Debug|Any CPU = Debug|Any CPU
		Release|Any CPU = Release|Any CPU
	EndGlobalSection
	GlobalSection(ProjectConfigurationPlatforms) = postSolution
		{1A98D786-3A79-4B0D-B43C-A0DEDC248520}.Debug|Any CPU.ActiveCfg = Debug|Any CPU
		{1A98D786-3A79-4B0D-B43C-A0DEDC248520}.Debug|Any CPU.Build.0 = Debug|Any CPU
		{1A98D786-3A79-4B0D-B43C-A0DEDC248520}.Release|Any CPU.ActiveCfg = Release|Any CPU
		{1A98D786-3A79-4B0D-B43C-A0DEDC248520}.Release|Any CPU.Build.0 = Release|Any CPU
	EndGlobalSection
	GlobalSection(SolutionProperties) = preSolution
		HideSolutionNode = FALSE
	EndGlobalSection
	GlobalSection(ExtensibilityGlobals) = postSolution
		SolutionGuid = {D8651D33-940A-45FD-917D-E7BC4ECA0C25}
	EndGlobalSection
EndGlobal
