
Microsoft Visual Studio Solution File, Format Version 12.00
# Visual Studio Version 17
VisualStudioVersion = 17.10.34928.147
MinimumVisualStudioVersion = 10.0.40219.1
Project("{FAE04EC0-301F-11D3-BF4B-00C04F79EFBC}") = "MDIForm_Chap8", "MDIForm_Chap8.csproj", "{374CCED0-1DC9-4129-AEEF-D956E824A645}"
EndProject
Global
	GlobalSection(SolutionConfigurationPlatforms) = preSolution
		Debug|Any CPU = Debug|Any CPU
		Release|Any CPU = Release|Any CPU
	EndGlobalSection
	GlobalSection(ProjectConfigurationPlatforms) = postSolution
		{374CCED0-1DC9-4129-AEEF-D956E824A645}.Debug|Any CPU.ActiveCfg = Debug|Any CPU
		{374CCED0-1DC9-4129-AEEF-D956E824A645}.Debug|Any CPU.Build.0 = Debug|Any CPU
		{374CCED0-1DC9-4129-AEEF-D956E824A645}.Release|Any CPU.ActiveCfg = Release|Any CPU
		{374CCED0-1DC9-4129-AEEF-D956E824A645}.Release|Any CPU.Build.0 = Release|Any CPU
	EndGlobalSection
	GlobalSection(SolutionProperties) = preSolution
		HideSolutionNode = FALSE
	EndGlobalSection
	GlobalSection(ExtensibilityGlobals) = postSolution
		SolutionGuid = {B15F3CA6-9C72-40BB-B6B4-0E3FF72BB467}
	EndGlobalSection
EndGlobal
