
Microsoft Visual Studio Solution File, Format Version 12.00
# Visual Studio Version 17
VisualStudioVersion = 17.10.34928.147
MinimumVisualStudioVersion = 10.0.40219.1
Project("{9A19103F-16F7-4668-BE54-9A1E7A4F7556}") = "ToolStrip_StatusStrip_Chap8", "ToolStrip_StatusStrip_Chap8.csproj", "{010928F0-CA34-4290-AC7B-C11B10F6670E}"
EndProject
Global
	GlobalSection(SolutionConfigurationPlatforms) = preSolution
		Debug|Any CPU = Debug|Any CPU
		Release|Any CPU = Release|Any CPU
	EndGlobalSection
	GlobalSection(ProjectConfigurationPlatforms) = postSolution
		{010928F0-CA34-4290-AC7B-C11B10F6670E}.Debug|Any CPU.ActiveCfg = Debug|Any CPU
		{010928F0-CA34-4290-AC7B-C11B10F6670E}.Debug|Any CPU.Build.0 = Debug|Any CPU
		{010928F0-CA34-4290-AC7B-C11B10F6670E}.Release|Any CPU.ActiveCfg = Release|Any CPU
		{010928F0-CA34-4290-AC7B-C11B10F6670E}.Release|Any CPU.Build.0 = Release|Any CPU
	EndGlobalSection
	GlobalSection(SolutionProperties) = preSolution
		HideSolutionNode = FALSE
	EndGlobalSection
	GlobalSection(ExtensibilityGlobals) = postSolution
		SolutionGuid = {9921FC13-D22C-4EC3-BFE2-2ED994D7601D}
	EndGlobalSection
EndGlobal
