
Microsoft Visual Studio Solution File, Format Version 12.00
# Visual Studio Version 17
VisualStudioVersion = 17.10.34928.147
MinimumVisualStudioVersion = 10.0.40219.1
Project("{FAE04EC0-301F-11D3-BF4B-00C04F79EFBC}") = "GDI_MCIPlayerMultiMedia_Chap6", "GDI_MCIPlayerMultiMedia_Chap6.csproj", "{332875CB-B79D-4C65-A2C4-7ED72F42CE2A}"
EndProject
Global
	GlobalSection(SolutionConfigurationPlatforms) = preSolution
		Debug|Any CPU = Debug|Any CPU
		Release|Any CPU = Release|Any CPU
	EndGlobalSection
	GlobalSection(ProjectConfigurationPlatforms) = postSolution
		{332875CB-B79D-4C65-A2C4-7ED72F42CE2A}.Debug|Any CPU.ActiveCfg = Debug|Any CPU
		{332875CB-B79D-4C65-A2C4-7ED72F42CE2A}.Debug|Any CPU.Build.0 = Debug|Any CPU
		{332875CB-B79D-4C65-A2C4-7ED72F42CE2A}.Release|Any CPU.ActiveCfg = Release|Any CPU
		{332875CB-B79D-4C65-A2C4-7ED72F42CE2A}.Release|Any CPU.Build.0 = Release|Any CPU
	EndGlobalSection
	GlobalSection(SolutionProperties) = preSolution
		HideSolutionNode = FALSE
	EndGlobalSection
	GlobalSection(ExtensibilityGlobals) = postSolution
		SolutionGuid = {47B53E66-500A-426A-A389-CC43F5D079BE}
	EndGlobalSection
EndGlobal
